
Microsoft Visual Studio Solution File, Format Version 12.00
Project("{FAE04EC0-301F-11D3-BF4B-00C04F79EFBC}") = "dotnet", "dotnet.csproj", "{EEB2211A-CA5E-40FE-8E1A-CE8F743C93FA}"
EndProject
Global
	GlobalSection(SolutionConfigurationPlatforms) = preSolution
		Debug|Any CPU = Debug|Any CPU
		Release|Any CPU = Release|Any CPU
	EndGlobalSection
	GlobalSection(ProjectConfigurationPlatforms) = postSolution
		{EEB2211A-CA5E-40FE-8E1A-CE8F743C93FA}.Debug|Any CPU.ActiveCfg = Debug|Any CPU
		{EEB2211A-CA5E-40FE-8E1A-CE8F743C93FA}.Debug|Any CPU.Build.0 = Debug|Any CPU
		{EEB2211A-CA5E-40FE-8E1A-CE8F743C93FA}.Release|Any CPU.ActiveCfg = Release|Any CPU
		{EEB2211A-CA5E-40FE-8E1A-CE8F743C93FA}.Release|Any CPU.Build.0 = Release|Any CPU
	EndGlobalSection
EndGlobal
